github.com/influxdata/influxdb1-client v0.0.0-20200827194710-b269163b24ab h1:HqW4xhhynfjrtEiiSGcQUd6vrK23iMam1FO8rI7mwig=
github.com/influxdata/influxdb1-client v0.0.0-20200827194710-b269163b24ab/go.mod h1:qj24IKcXYK6Iy9ceXlo3Tc+vtHo9lIhSX5JddghvEPo=
github.com/mitchellh/mapstructure v1.4.1-0.20210104060159-1b4332da48cb h1:rwvCuZwT4LU5aBDXIpfD73u6JssC4g6+c2uiavFioM4=
github.com/mitchellh/mapstructure v1.4.1-0.20210104060159-1b4332da48cb/go.mod h1:bFUtVrKA4DC2yAKiSyO/QUcy7e+RRV2QTWOzhPopBRo=
